# generated by rye
# use `rye lock` or `rye sync` to update this lockfile
#
# last locked with the following flags:
#   pre: false
#   features: []
#   all-features: false
#   with-sources: false

-e file:.
certifi==2024.2.2
charset-normalizer==3.3.2
idna==3.6
python-dotenv==1.0.1
requests==2.31.0
urllib3==2.2.0
